
Microsoft Visual Studio Solution File, Format Version 12.00
# Visual Studio Version 16
VisualStudioVersion = 16.0.30517.126
MinimumVisualStudioVersion = 10.0.40219.1
Project("{FAE04EC0-301F-11D3-BF4B-00C04F79EFBC}") = "RestaurantMenu", "RestaurantMenu\RestaurantMenu.csproj", "{595AE1A5-B087-49BC-ABEC-54943B4A024A}"
EndProject
Global
	GlobalSection(SolutionConfigurationPlatforms) = preSolution
		Debug|Any CPU = Debug|Any CPU
		Release|Any CPU = Release|Any CPU
	EndGlobalSection
	GlobalSection(ProjectConfigurationPlatforms) = postSolution
		{595AE1A5-B087-49BC-ABEC-54943B4A024A}.Debug|Any CPU.ActiveCfg = Debug|Any CPU
		{595AE1A5-B087-49BC-ABEC-54943B4A024A}.Debug|Any CPU.Build.0 = Debug|Any CPU
		{595AE1A5-B087-49BC-ABEC-54943B4A024A}.Release|Any CPU.ActiveCfg = Release|Any CPU
		{595AE1A5-B087-49BC-ABEC-54943B4A024A}.Release|Any CPU.Build.0 = Release|Any CPU
	EndGlobalSection
	GlobalSection(SolutionProperties) = preSolution
		HideSolutionNode = FALSE
	EndGlobalSection
	GlobalSection(ExtensibilityGlobals) = postSolution
		SolutionGuid = {D9EADA31-00A0-47B7-A152-FF1B3FF44CF0}
	EndGlobalSection
EndGlobal
